
Microsoft Visual Studio Solution File, Format Version 12.00
# Visual Studio Version 16
VisualStudioVersion = 16.0.29503.13
MinimumVisualStudioVersion = 10.0.40219.1
Project("{9A19103F-16F7-4668-BE54-9A1E7A4F7556}") = "RESTfulWebAPI", "RESTfulWebAPI\RESTfulWebAPI.csproj", "{AE395E1F-7091-460A-9385-C02C723774C4}"
EndProject
Project("{FAE04EC0-301F-11D3-BF4B-00C04F79EFBC}") = "Tests", "Tests\Tests.csproj", "{81AE92E5-E125-4B22-BF97-A5E122DCFFCF}"
EndProject
Global
	GlobalSection(SolutionConfigurationPlatforms) = preSolution
		Debug|Any CPU = Debug|Any CPU
		Release|Any CPU = Release|Any CPU
	EndGlobalSection
	GlobalSection(ProjectConfigurationPlatforms) = postSolution
		{AE395E1F-7091-460A-9385-C02C723774C4}.Debug|Any CPU.ActiveCfg = Debug|Any CPU
		{AE395E1F-7091-460A-9385-C02C723774C4}.Debug|Any CPU.Build.0 = Debug|Any CPU
		{AE395E1F-7091-460A-9385-C02C723774C4}.Release|Any CPU.ActiveCfg = Release|Any CPU
		{AE395E1F-7091-460A-9385-C02C723774C4}.Release|Any CPU.Build.0 = Release|Any CPU
		{81AE92E5-E125-4B22-BF97-A5E122DCFFCF}.Debug|Any CPU.ActiveCfg = Debug|Any CPU
		{81AE92E5-E125-4B22-BF97-A5E122DCFFCF}.Debug|Any CPU.Build.0 = Debug|Any CPU
		{81AE92E5-E125-4B22-BF97-A5E122DCFFCF}.Release|Any CPU.ActiveCfg = Release|Any CPU
		{81AE92E5-E125-4B22-BF97-A5E122DCFFCF}.Release|Any CPU.Build.0 = Release|Any CPU
	EndGlobalSection
	GlobalSection(SolutionProperties) = preSolution
		HideSolutionNode = FALSE
	EndGlobalSection
	GlobalSection(ExtensibilityGlobals) = postSolution
		SolutionGuid = {3B96E88F-AFD1-4A8C-B8B2-694DFB9183BA}
	EndGlobalSection
EndGlobal
